{
  "nodes": {
    "nixpkgs": {
      "locked": {
        "lastModified": 1742937945,
        "narHash": "sha256-lWc+79eZRyvHp/SqMhHTMzZVhpxkRvthsP1Qx6UCq0E=",
        "owner": "NixOS",
        "repo": "nixpkgs",
        "rev": "d02d88f8de5b882ccdde0465d8fa2db3aa1169f7",
        "type": "github"
      },
      "original": {
        "id": "nixpkgs",
        "ref": "nixos-24.11",
        "type": "indirect"
      }
    },
    "root": {
      "inputs": {
        "nixpkgs": "nixpkgs",
        "stregsystemet": "stregsystemet"
      }
    },
    "stregsystemet": {
      "inputs": {
        "nixpkgs": [
          "nixpkgs"
        ]
      },
      "locked": {
        "lastModified": 1736909817,
        "narHash": "sha256-CGc5nmYO00o3Vq2hnptC5kkwEGQWhSUkZHS4gQYewj4=",
        "owner": "Mast3rwaf1z",
        "repo": "stregsystemet",
        "rev": "b6bddbd9ff1f30d7203a8ed56f96e397f8227c3d",
        "type": "github"
      },
      "original": {
        "owner": "Mast3rwaf1z",
        "ref": "nix-updates",
        "repo": "stregsystemet",
        "type": "github"
      }
    }
  },
  "root": "root",
  "version": 7
}
